
Microsoft Visual Studio Solution File, Format Version 12.00
# Visual Studio Version 17
VisualStudioVersion = 17.4.33213.308
MinimumVisualStudioVersion = 10.0.40219.1
Project("{9A19103F-16F7-4668-BE54-9A1E7A4F7556}") = "Aula01a", "Aula01a.csproj", "{B399B642-4690-4C56-A001-597A76478F54}"
EndProject
Project("{FAE04EC0-301F-11D3-BF4B-00C04F79EFBC}") = "Aula02", "..\Aula02\Aula02.csproj", "{70F628EE-98D2-491C-B313-DC390FAD45B8}"
EndProject
Global
	GlobalSection(SolutionConfigurationPlatforms) = preSolution
		Debug|Any CPU = Debug|Any CPU
		Release|Any CPU = Release|Any CPU
	EndGlobalSection
	GlobalSection(ProjectConfigurationPlatforms) = postSolution
		{B399B642-4690-4C56-A001-597A76478F54}.Debug|Any CPU.ActiveCfg = Debug|Any CPU
		{B399B642-4690-4C56-A001-597A76478F54}.Debug|Any CPU.Build.0 = Debug|Any CPU
		{B399B642-4690-4C56-A001-597A76478F54}.Release|Any CPU.ActiveCfg = Release|Any CPU
		{B399B642-4690-4C56-A001-597A76478F54}.Release|Any CPU.Build.0 = Release|Any CPU
		{70F628EE-98D2-491C-B313-DC390FAD45B8}.Debug|Any CPU.ActiveCfg = Debug|Any CPU
		{70F628EE-98D2-491C-B313-DC390FAD45B8}.Debug|Any CPU.Build.0 = Debug|Any CPU
		{70F628EE-98D2-491C-B313-DC390FAD45B8}.Release|Any CPU.ActiveCfg = Release|Any CPU
		{70F628EE-98D2-491C-B313-DC390FAD45B8}.Release|Any CPU.Build.0 = Release|Any CPU
	EndGlobalSection
	GlobalSection(SolutionProperties) = preSolution
		HideSolutionNode = FALSE
	EndGlobalSection
	GlobalSection(ExtensibilityGlobals) = postSolution
		SolutionGuid = {13624FFC-71F2-45C4-B26B-E270DDA36AB5}
	EndGlobalSection
EndGlobal
